
Microsoft Visual Studio Solution File, Format Version 12.00
# Visual Studio 2013
VisualStudioVersion = 12.0.30723.0
MinimumVisualStudioVersion = 10.0.40219.1
Project("{FAE04EC0-301F-11D3-BF4B-00C04F79EFBC}") = "LogViewer", "LogViewer\LogViewer.csproj", "{246AEC14-23F0-41F7-96C0-B79F10807BA9}"
EndProject
Project("{FAE04EC0-301F-11D3-BF4B-00C04F79EFBC}") = "LogsAnalyzer", "LogsAnalyzer\LogsAnalyzer.csproj", "{2CE0DDC4-2A14-46F6-A4F0-635E0A67DB5C}"
EndProject
Project("{FAE04EC0-301F-11D3-BF4B-00C04F79EFBC}") = "Common", "Common\Common.csproj", "{E1D731B8-9015-4892-92D6-301300449FC8}"
EndProject
Global
	GlobalSection(SolutionConfigurationPlatforms) = preSolution
		Debug|Any CPU = Debug|Any CPU
		Release|Any CPU = Release|Any CPU
	EndGlobalSection
	GlobalSection(ProjectConfigurationPlatforms) = postSolution
		{246AEC14-23F0-41F7-96C0-B79F10807BA9}.Debug|Any CPU.ActiveCfg = Debug|Any CPU
		{246AEC14-23F0-41F7-96C0-B79F10807BA9}.Debug|Any CPU.Build.0 = Debug|Any CPU
		{246AEC14-23F0-41F7-96C0-B79F10807BA9}.Release|Any CPU.ActiveCfg = Release|Any CPU
		{246AEC14-23F0-41F7-96C0-B79F10807BA9}.Release|Any CPU.Build.0 = Release|Any CPU
		{2CE0DDC4-2A14-46F6-A4F0-635E0A67DB5C}.Debug|Any CPU.ActiveCfg = Debug|Any CPU
		{2CE0DDC4-2A14-46F6-A4F0-635E0A67DB5C}.Debug|Any CPU.Build.0 = Debug|Any CPU
		{2CE0DDC4-2A14-46F6-A4F0-635E0A67DB5C}.Release|Any CPU.ActiveCfg = Release|Any CPU
		{2CE0DDC4-2A14-46F6-A4F0-635E0A67DB5C}.Release|Any CPU.Build.0 = Release|Any CPU
		{E1D731B8-9015-4892-92D6-301300449FC8}.Debug|Any CPU.ActiveCfg = Debug|Any CPU
		{E1D731B8-9015-4892-92D6-301300449FC8}.Debug|Any CPU.Build.0 = Debug|Any CPU
		{E1D731B8-9015-4892-92D6-301300449FC8}.Release|Any CPU.ActiveCfg = Release|Any CPU
		{E1D731B8-9015-4892-92D6-301300449FC8}.Release|Any CPU.Build.0 = Release|Any CPU
	EndGlobalSection
	GlobalSection(SolutionProperties) = preSolution
		HideSolutionNode = FALSE
	EndGlobalSection
EndGlobal
